
Microsoft Visual Studio Solution File, Format Version 12.00
# Visual Studio Version 16
VisualStudioVersion = 16.0.30320.27
MinimumVisualStudioVersion = 10.0.40219.1
Project("{FAE04EC0-301F-11D3-BF4B-00C04F79EFBC}") = "Inlämning3", "Inlämning3.csproj", "{60AAC86E-0925-4202-AC35-74439BC0314D}"
EndProject
Global
	GlobalSection(SolutionConfigurationPlatforms) = preSolution
		Debug|Any CPU = Debug|Any CPU
		Release|Any CPU = Release|Any CPU
	EndGlobalSection
	GlobalSection(ProjectConfigurationPlatforms) = postSolution
		{60AAC86E-0925-4202-AC35-74439BC0314D}.Debug|Any CPU.ActiveCfg = Debug|Any CPU
		{60AAC86E-0925-4202-AC35-74439BC0314D}.Debug|Any CPU.Build.0 = Debug|Any CPU
		{60AAC86E-0925-4202-AC35-74439BC0314D}.Release|Any CPU.ActiveCfg = Release|Any CPU
		{60AAC86E-0925-4202-AC35-74439BC0314D}.Release|Any CPU.Build.0 = Release|Any CPU
	EndGlobalSection
	GlobalSection(SolutionProperties) = preSolution
		HideSolutionNode = FALSE
	EndGlobalSection
	GlobalSection(ExtensibilityGlobals) = postSolution
		SolutionGuid = {39AF98AD-A450-454F-9E1F-6D7F2C9156D3}
	EndGlobalSection
EndGlobal
